
Microsoft Visual Studio Solution File, Format Version 12.00
# Visual Studio Version 17
VisualStudioVersion = 17.14.36623.8 d17.14
MinimumVisualStudioVersion = 10.0.40219.1
Project("{FAE04EC0-301F-11D3-BF4B-00C04F79EFBC}") = "LTW_QLBH_HUNMYI", "LTW_QLBH_HUNMYI\LTW_QLBH_HUNMYI.csproj", "{2791DC87-397F-4F8E-B439-2C7AF2B47223}"
EndProject
Global
	GlobalSection(SolutionConfigurationPlatforms) = preSolution
		Debug|Any CPU = Debug|Any CPU
		Release|Any CPU = Release|Any CPU
	EndGlobalSection
	GlobalSection(ProjectConfigurationPlatforms) = postSolution
		{2791DC87-397F-4F8E-B439-2C7AF2B47223}.Debug|Any CPU.ActiveCfg = Debug|Any CPU
		{2791DC87-397F-4F8E-B439-2C7AF2B47223}.Debug|Any CPU.Build.0 = Debug|Any CPU
		{2791DC87-397F-4F8E-B439-2C7AF2B47223}.Release|Any CPU.ActiveCfg = Release|Any CPU
		{2791DC87-397F-4F8E-B439-2C7AF2B47223}.Release|Any CPU.Build.0 = Release|Any CPU
	EndGlobalSection
	GlobalSection(SolutionProperties) = preSolution
		HideSolutionNode = FALSE
	EndGlobalSection
	GlobalSection(ExtensibilityGlobals) = postSolution
		SolutionGuid = {78C8D318-EA22-439C-B58D-31B2FE43ECB8}
	EndGlobalSection
EndGlobal
